// !$*UTF8*$!
{
	archiveVersion = 1;
	classes = {
	};
	objectVersion = 53;
	objects = {

/* Begin PBXBuildFile section */
		2E2F9A972840CA1B00D0F0C2 /* String + Extension.swift in Sources */ = {isa = PBXBuildFile; fileRef = 2E2F9A962840CA1B00D0F0C2 /* String + Extension.swift */; };
		2E2F9A992840CA6900D0F0C2 /* StringExtensionTest.swift in Sources */ = {isa = PBXBuildFile; fileRef = 2E2F9A982840CA6900D0F0C2 /* StringExtensionTest.swift */; };
		2E2F9A9A2840CA8B00D0F0C2 /* String + Extension.swift in Sources */ = {isa = PBXBuildFile; fileRef = 2E2F9A962840CA1B00D0F0C2 /* String + Extension.swift */; };
		2E2F9A9D2840CC8600D0F0C2 /* PlayerNameParser.swift in Sources */ = {isa = PBXBuildFile; fileRef = 2E2F9A9C2840CC8600D0F0C2 /* PlayerNameParser.swift */; };
		2E2F9AA128410F7D00D0F0C2 /* PinCountTest.swift in Sources */ = {isa = PBXBuildFile; fileRef = 2E2F9AA028410F7D00D0F0C2 /* PinCountTest.swift */; };
		2E2F9AA32841111300D0F0C2 /* PinCount.swift in Sources */ = {isa = PBXBuildFile; fileRef = 2E2F9AA22841111300D0F0C2 /* PinCount.swift */; };
		2E2F9AA42841111300D0F0C2 /* PinCount.swift in Sources */ = {isa = PBXBuildFile; fileRef = 2E2F9AA22841111300D0F0C2 /* PinCount.swift */; };
		2E2F9AA62841123900D0F0C2 /* NormalFrameTest.swift in Sources */ = {isa = PBXBuildFile; fileRef = 2E2F9AA52841123900D0F0C2 /* NormalFrameTest.swift */; };
		2E2F9AA828411E4A00D0F0C2 /* Frame.swift in Sources */ = {isa = PBXBuildFile; fileRef = 2E2F9AA728411E4A00D0F0C2 /* Frame.swift */; };
		2E2F9AA928411E4A00D0F0C2 /* Frame.swift in Sources */ = {isa = PBXBuildFile; fileRef = 2E2F9AA728411E4A00D0F0C2 /* Frame.swift */; };
		2E2F9AAB2841F58000D0F0C2 /* BowlingGame.swift in Sources */ = {isa = PBXBuildFile; fileRef = 2E2F9AAA2841F58000D0F0C2 /* BowlingGame.swift */; };
		2E2F9AAD2841F73500D0F0C2 /* PinCountReader.swift in Sources */ = {isa = PBXBuildFile; fileRef = 2E2F9AAC2841F73500D0F0C2 /* PinCountReader.swift */; };
		2E2F9AAE2841F8FC00D0F0C2 /* PinCountReader.swift in Sources */ = {isa = PBXBuildFile; fileRef = 2E2F9AAC2841F73500D0F0C2 /* PinCountReader.swift */; };
		2E2F9AB12842018200D0F0C2 /* ScoreBoard.swift in Sources */ = {isa = PBXBuildFile; fileRef = 2E2F9AB02842018200D0F0C2 /* ScoreBoard.swift */; };
		2E2F9AB22842018200D0F0C2 /* ScoreBoard.swift in Sources */ = {isa = PBXBuildFile; fileRef = 2E2F9AB02842018200D0F0C2 /* ScoreBoard.swift */; };
		2E2F9AB3284205D400D0F0C2 /* BowlingGame.swift in Sources */ = {isa = PBXBuildFile; fileRef = 2E2F9AAA2841F58000D0F0C2 /* BowlingGame.swift */; };
		2E2F9AB52842470500D0F0C2 /* BowlingConstant.swift in Sources */ = {isa = PBXBuildFile; fileRef = 2E2F9AB42842470500D0F0C2 /* BowlingConstant.swift */; };
		2E2F9AB62842470500D0F0C2 /* BowlingConstant.swift in Sources */ = {isa = PBXBuildFile; fileRef = 2E2F9AB42842470500D0F0C2 /* BowlingConstant.swift */; };
		2E2F9AB82842486700D0F0C2 /* FinalFrameTest.swift in Sources */ = {isa = PBXBuildFile; fileRef = 2E2F9AB72842486700D0F0C2 /* FinalFrameTest.swift */; };
		2E2F9ABA2842A60F00D0F0C2 /* BowlingFramesTest.swift in Sources */ = {isa = PBXBuildFile; fileRef = 2E2F9AB92842A60F00D0F0C2 /* BowlingFramesTest.swift */; };
		2E9C3B82283FB79700393DEE /* InputView.swift in Sources */ = {isa = PBXBuildFile; fileRef = 2E9C3B81283FB79700393DEE /* InputView.swift */; };
		2E9C3B8A283FB80700393DEE /* BowlingGameTest.swift in Sources */ = {isa = PBXBuildFile; fileRef = 2E9C3B89283FB80700393DEE /* BowlingGameTest.swift */; };
		2E9C3B91283FB84A00393DEE /* PlayerNameTest.swift in Sources */ = {isa = PBXBuildFile; fileRef = 2E9C3B90283FB84A00393DEE /* PlayerNameTest.swift */; };
		2E9C3B93283FB8E000393DEE /* PlayerName.swift in Sources */ = {isa = PBXBuildFile; fileRef = 2E9C3B92283FB8E000393DEE /* PlayerName.swift */; };
		2E9C3B94283FB90300393DEE /* PlayerName.swift in Sources */ = {isa = PBXBuildFile; fileRef = 2E9C3B92283FB8E000393DEE /* PlayerName.swift */; };
		C7640416274F2F5100A223B5 /* main.swift in Sources */ = {isa = PBXBuildFile; fileRef = C7640415274F2F5100A223B5 /* main.swift */; };
/* End PBXBuildFile section */

/* Begin PBXCopyFilesBuildPhase section */
		C7640410274F2F5100A223B5 /* CopyFiles */ = {
			isa = PBXCopyFilesBuildPhase;
			buildActionMask = 2147483647;
			dstPath = /usr/share/man/man1/;
			dstSubfolderSpec = 0;
			files = (
			);
			runOnlyForDeploymentPostprocessing = 1;
		};
/* End PBXCopyFilesBuildPhase section */

/* Begin PBXFileReference section */
		2E2F9A962840CA1B00D0F0C2 /* String + Extension.swift */ = {isa = PBXFileReference; lastKnownFileType = sourcecode.swift; path = "String + Extension.swift"; sourceTree = "<group>"; };
		2E2F9A982840CA6900D0F0C2 /* StringExtensionTest.swift */ = {isa = PBXFileReference; lastKnownFileType = sourcecode.swift; path = StringExtensionTest.swift; sourceTree = "<group>"; };
		2E2F9A9C2840CC8600D0F0C2 /* PlayerNameParser.swift */ = {isa = PBXFileReference; lastKnownFileType = sourcecode.swift; path = PlayerNameParser.swift; sourceTree = "<group>"; };
		2E2F9AA028410F7D00D0F0C2 /* PinCountTest.swift */ = {isa = PBXFileReference; lastKnownFileType = sourcecode.swift; path = PinCountTest.swift; sourceTree = "<group>"; };
		2E2F9AA22841111300D0F0C2 /* PinCount.swift */ = {isa = PBXFileReference; lastKnownFileType = sourcecode.swift; path = PinCount.swift; sourceTree = "<group>"; };
		2E2F9AA52841123900D0F0C2 /* NormalFrameTest.swift */ = {isa = PBXFileReference; lastKnownFileType = sourcecode.swift; path = NormalFrameTest.swift; sourceTree = "<group>"; };
		2E2F9AA728411E4A00D0F0C2 /* Frame.swift */ = {isa = PBXFileReference; lastKnownFileType = sourcecode.swift; path = Frame.swift; sourceTree = "<group>"; };
		2E2F9AAA2841F58000D0F0C2 /* BowlingGame.swift */ = {isa = PBXFileReference; lastKnownFileType = sourcecode.swift; path = BowlingGame.swift; sourceTree = "<group>"; };
		2E2F9AAC2841F73500D0F0C2 /* PinCountReader.swift */ = {isa = PBXFileReference; lastKnownFileType = sourcecode.swift; path = PinCountReader.swift; sourceTree = "<group>"; };
		2E2F9AB02842018200D0F0C2 /* ScoreBoard.swift */ = {isa = PBXFileReference; lastKnownFileType = sourcecode.swift; path = ScoreBoard.swift; sourceTree = "<group>"; };
		2E2F9AB42842470500D0F0C2 /* BowlingConstant.swift */ = {isa = PBXFileReference; lastKnownFileType = sourcecode.swift; path = BowlingConstant.swift; sourceTree = "<group>"; };
		2E2F9AB72842486700D0F0C2 /* FinalFrameTest.swift */ = {isa = PBXFileReference; lastKnownFileType = sourcecode.swift; path = FinalFrameTest.swift; sourceTree = "<group>"; };
		2E2F9AB92842A60F00D0F0C2 /* BowlingFramesTest.swift */ = {isa = PBXFileReference; lastKnownFileType = sourcecode.swift; path = BowlingFramesTest.swift; sourceTree = "<group>"; };
		2E9C3B81283FB79700393DEE /* InputView.swift */ = {isa = PBXFileReference; lastKnownFileType = sourcecode.swift; path = InputView.swift; sourceTree = "<group>"; };
		2E9C3B87283FB80700393DEE /* BowlingTest.xctest */ = {isa = PBXFileReference; explicitFileType = wrapper.cfbundle; includeInIndex = 0; path = BowlingTest.xctest; sourceTree = BUILT_PRODUCTS_DIR; };
		2E9C3B89283FB80700393DEE /* BowlingGameTest.swift */ = {isa = PBXFileReference; lastKnownFileType = sourcecode.swift; path = BowlingGameTest.swift; sourceTree = "<group>"; };
		2E9C3B90283FB84A00393DEE /* PlayerNameTest.swift */ = {isa = PBXFileReference; lastKnownFileType = sourcecode.swift; path = PlayerNameTest.swift; sourceTree = "<group>"; };
		2E9C3B92283FB8E000393DEE /* PlayerName.swift */ = {isa = PBXFileReference; lastKnownFileType = sourcecode.swift; path = PlayerName.swift; sourceTree = "<group>"; };
		C7640412274F2F5100A223B5 /* Bowling */ = {isa = PBXFileReference; explicitFileType = "compiled.mach-o.executable"; includeInIndex = 0; path = Bowling; sourceTree = BUILT_PRODUCTS_DIR; };
		C7640415274F2F5100A223B5 /* main.swift */ = {isa = PBXFileReference; lastKnownFileType = sourcecode.swift; path = main.swift; sourceTree = "<group>"; };
/* End PBXFileReference section */

/* Begin PBXFrameworksBuildPhase section */
		2E9C3B84283FB80700393DEE /* Frameworks */ = {
			isa = PBXFrameworksBuildPhase;
			buildActionMask = 2147483647;
			files = (
			);
			runOnlyForDeploymentPostprocessing = 0;
		};
		C764040F274F2F5100A223B5 /* Frameworks */ = {
			isa = PBXFrameworksBuildPhase;
			buildActionMask = 2147483647;
			files = (
			);
			runOnlyForDeploymentPostprocessing = 0;
		};
/* End PBXFrameworksBuildPhase section */

/* Begin PBXGroup section */
		2E2F9A932840C92000D0F0C2 /* Extension */ = {
			isa = PBXGroup;
			children = (
				2E2F9A962840CA1B00D0F0C2 /* String + Extension.swift */,
			);
			path = Extension;
			sourceTree = "<group>";
		};
		2E2F9A9B2840CC7900D0F0C2 /* Parser */ = {
			isa = PBXGroup;
			children = (
				2E2F9A9C2840CC8600D0F0C2 /* PlayerNameParser.swift */,
			);
			path = Parser;
			sourceTree = "<group>";
		};
		2E9C3B80283FB78D00393DEE /* View */ = {
			isa = PBXGroup;
			children = (
				2E9C3B81283FB79700393DEE /* InputView.swift */,
			);
			path = View;
			sourceTree = "<group>";
		};
		2E9C3B88283FB80700393DEE /* BowlingTest */ = {
			isa = PBXGroup;
			children = (
				2E9C3B89283FB80700393DEE /* BowlingGameTest.swift */,
				2E9C3B90283FB84A00393DEE /* PlayerNameTest.swift */,
				2E2F9A982840CA6900D0F0C2 /* StringExtensionTest.swift */,
				2E2F9AA028410F7D00D0F0C2 /* PinCountTest.swift */,
				2E2F9AA52841123900D0F0C2 /* NormalFrameTest.swift */,
				2E2F9AB72842486700D0F0C2 /* FinalFrameTest.swift */,
				2E2F9AB92842A60F00D0F0C2 /* BowlingFramesTest.swift */,
			);
			path = BowlingTest;
			sourceTree = "<group>";
		};
		C7640409274F2F5100A223B5 = {
			isa = PBXGroup;
			children = (
				C7640414274F2F5100A223B5 /* Bowling */,
				2E9C3B88283FB80700393DEE /* BowlingTest */,
				C7640413274F2F5100A223B5 /* Products */,
			);
			sourceTree = "<group>";
		};
		C7640413274F2F5100A223B5 /* Products */ = {
			isa = PBXGroup;
			children = (
				C7640412274F2F5100A223B5 /* Bowling */,
				2E9C3B87283FB80700393DEE /* BowlingTest.xctest */,
			);
			name = Products;
			sourceTree = "<group>";
		};
		C7640414274F2F5100A223B5 /* Bowling */ = {
			isa = PBXGroup;
			children = (
				2E2F9A9B2840CC7900D0F0C2 /* Parser */,
				2E2F9A932840C92000D0F0C2 /* Extension */,
				2E9C3B80283FB78D00393DEE /* View */,
				C7640415274F2F5100A223B5 /* main.swift */,
				2E9C3B92283FB8E000393DEE /* PlayerName.swift */,
				2E2F9AA22841111300D0F0C2 /* PinCount.swift */,
				2E2F9AA728411E4A00D0F0C2 /* Frame.swift */,
				2E2F9AAA2841F58000D0F0C2 /* BowlingGame.swift */,
				2E2F9AAC2841F73500D0F0C2 /* PinCountReader.swift */,
				2E2F9AB02842018200D0F0C2 /* ScoreBoard.swift */,
				2E2F9AB42842470500D0F0C2 /* BowlingConstant.swift */,
			);
			path = Bowling;
			sourceTree = "<group>";
		};
/* End PBXGroup section */

/* Begin PBXNativeTarget section */
		2E9C3B86283FB80700393DEE /* BowlingTest */ = {
			isa = PBXNativeTarget;
			buildConfigurationList = 2E9C3B8B283FB80700393DEE /* Build configuration list for PBXNativeTarget "BowlingTest" */;
			buildPhases = (
				2E9C3B83283FB80700393DEE /* Sources */,
				2E9C3B84283FB80700393DEE /* Frameworks */,
				2E9C3B85283FB80700393DEE /* Resources */,
			);
			buildRules = (
			);
			dependencies = (
			);
			name = BowlingTest;
			productName = BowlingTest;
			productReference = 2E9C3B87283FB80700393DEE /* BowlingTest.xctest */;
			productType = "com.apple.product-type.bundle.unit-test";
		};
		C7640411274F2F5100A223B5 /* Bowling */ = {
			isa = PBXNativeTarget;
			buildConfigurationList = C7640419274F2F5100A223B5 /* Build configuration list for PBXNativeTarget "Bowling" */;
			buildPhases = (
				C764040E274F2F5100A223B5 /* Sources */,
				C764040F274F2F5100A223B5 /* Frameworks */,
				C7640410274F2F5100A223B5 /* CopyFiles */,
			);
			buildRules = (
			);
			dependencies = (
			);
			name = Bowling;
			productName = Bowling;
			productReference = C7640412274F2F5100A223B5 /* Bowling */;
			productType = "com.apple.product-type.tool";
		};
/* End PBXNativeTarget section */

/* Begin PBXProject section */
		C764040A274F2F5100A223B5 /* Project object */ = {
			isa = PBXProject;
			attributes = {
				BuildIndependentTargetsInParallel = 1;
				LastSwiftUpdateCheck = 1320;
				LastUpgradeCheck = 1300;
				TargetAttributes = {
					2E9C3B86283FB80700393DEE = {
						CreatedOnToolsVersion = 13.2.1;
					};
					C7640411274F2F5100A223B5 = {
						CreatedOnToolsVersion = 13.0;
					};
				};
			};
			buildConfigurationList = C764040D274F2F5100A223B5 /* Build configuration list for PBXProject "Bowling" */;
			compatibilityVersion = "Xcode 11.0";
			developmentRegion = en;
			hasScannedForEncodings = 0;
			knownRegions = (
				en,
				Base,
			);
			mainGroup = C7640409274F2F5100A223B5;
			productRefGroup = C7640413274F2F5100A223B5 /* Products */;
			projectDirPath = "";
			projectRoot = "";
			targets = (
				C7640411274F2F5100A223B5 /* Bowling */,
				2E9C3B86283FB80700393DEE /* BowlingTest */,
			);
		};
/* End PBXProject section */

/* Begin PBXResourcesBuildPhase section */
		2E9C3B85283FB80700393DEE /* Resources */ = {
			isa = PBXResourcesBuildPhase;
			buildActionMask = 2147483647;
			files = (
			);
			runOnlyForDeploymentPostprocessing = 0;
		};
/* End PBXResourcesBuildPhase section */

/* Begin PBXSourcesBuildPhase section */
		2E9C3B83283FB80700393DEE /* Sources */ = {
			isa = PBXSourcesBuildPhase;
			buildActionMask = 2147483647;
			files = (
				2E2F9AA928411E4A00D0F0C2 /* Frame.swift in Sources */,
				2E2F9A992840CA6900D0F0C2 /* StringExtensionTest.swift in Sources */,
				2E2F9AB82842486700D0F0C2 /* FinalFrameTest.swift in Sources */,
				2E2F9AAE2841F8FC00D0F0C2 /* PinCountReader.swift in Sources */,
				2E2F9AA42841111300D0F0C2 /* PinCount.swift in Sources */,
				2E9C3B94283FB90300393DEE /* PlayerName.swift in Sources */,
				2E2F9ABA2842A60F00D0F0C2 /* BowlingFramesTest.swift in Sources */,
				2E2F9AA128410F7D00D0F0C2 /* PinCountTest.swift in Sources */,
				2E2F9AB62842470500D0F0C2 /* BowlingConstant.swift in Sources */,
				2E2F9A9A2840CA8B00D0F0C2 /* String + Extension.swift in Sources */,
				2E2F9AA62841123900D0F0C2 /* NormalFrameTest.swift in Sources */,
				2E2F9AB3284205D400D0F0C2 /* BowlingGame.swift in Sources */,
				2E9C3B8A283FB80700393DEE /* BowlingGameTest.swift in Sources */,
				2E9C3B91283FB84A00393DEE /* PlayerNameTest.swift in Sources */,
				2E2F9AB22842018200D0F0C2 /* ScoreBoard.swift in Sources */,
			);
			runOnlyForDeploymentPostprocessing = 0;
		};
		C764040E274F2F5100A223B5 /* Sources */ = {
			isa = PBXSourcesBuildPhase;
			buildActionMask = 2147483647;
			files = (
				2E2F9AAB2841F58000D0F0C2 /* BowlingGame.swift in Sources */,
				2E9C3B93283FB8E000393DEE /* PlayerName.swift in Sources */,
				C7640416274F2F5100A223B5 /* main.swift in Sources */,
				2E2F9AA32841111300D0F0C2 /* PinCount.swift in Sources */,
				2E2F9AB52842470500D0F0C2 /* BowlingConstant.swift in Sources */,
				2E2F9AAD2841F73500D0F0C2 /* PinCountReader.swift in Sources */,
				2E2F9A9D2840CC8600D0F0C2 /* PlayerNameParser.swift in Sources */,
				2E2F9AA828411E4A00D0F0C2 /* Frame.swift in Sources */,
				2E2F9AB12842018200D0F0C2 /* ScoreBoard.swift in Sources */,
				2E2F9A972840CA1B00D0F0C2 /* String + Extension.swift in Sources */,
				2E9C3B82283FB79700393DEE /* InputView.swift in Sources */,
			);
			runOnlyForDeploymentPostprocessing = 0;
		};
/* End PBXSourcesBuildPhase section */

/* Begin XCBuildConfiguration section */
		2E9C3B8C283FB80700393DEE /* Debug */ = {
			isa = XCBuildConfiguration;
			buildSettings = {
				CODE_SIGN_STYLE = Automatic;
				CURRENT_PROJECT_VERSION = 1;
				DEVELOPMENT_TEAM = G49TCMH6D2;
				GENERATE_INFOPLIST_FILE = YES;
				MACOSX_DEPLOYMENT_TARGET = 12.0;
				MARKETING_VERSION = 1.0;
				PRODUCT_BUNDLE_IDENTIFIER = com.roadtos7.ios.BowlingTest;
				PRODUCT_NAME = "$(TARGET_NAME)";
				SWIFT_EMIT_LOC_STRINGS = NO;
				SWIFT_VERSION = 5.0;
			};
			name = Debug;
		};
		2E9C3B8D283FB80700393DEE /* Release */ = {
			isa = XCBuildConfiguration;
			buildSettings = {
				CODE_SIGN_STYLE = Automatic;
				CURRENT_PROJECT_VERSION = 1;
				DEVELOPMENT_TEAM = G49TCMH6D2;
				GENERATE_INFOPLIST_FILE = YES;
				MACOSX_DEPLOYMENT_TARGET = 12.0;
				MARKETING_VERSION = 1.0;
				PRODUCT_BUNDLE_IDENTIFIER = com.roadtos7.ios.BowlingTest;
				PRODUCT_NAME = "$(TARGET_NAME)";
				SWIFT_EMIT_LOC_STRINGS = NO;
				SWIFT_VERSION = 5.0;
			};
			name = Release;
		};
		C7640417274F2F5100A223B5 /* Debug */ = {
			isa = XCBuildConfiguration;
			buildSettings = {
				ALWAYS_SEARCH_USER_PATHS = NO;
				CLANG_ANALYZER_NONNULL = YES;
				CLANG_ANALYZER_NUMBER_OBJECT_CONVERSION = YES_AGGRESSIVE;
				CLANG_CXX_LANGUAGE_STANDARD = "gnu++17";
				CLANG_CXX_LIBRARY = "libc++";
				CLANG_ENABLE_MODULES = YES;
				CLANG_ENABLE_OBJC_ARC = YES;
				CLANG_ENABLE_OBJC_WEAK = YES;
				CLANG_WARN_BLOCK_CAPTURE_AUTORELEASING = YES;
				CLANG_WARN_BOOL_CONVERSION = YES;
				CLANG_WARN_COMMA = YES;
				CLANG_WARN_CONSTANT_CONVERSION = YES;
				CLANG_WARN_DEPRECATED_OBJC_IMPLEMENTATIONS = YES;
				CLANG_WARN_DIRECT_OBJC_ISA_USAGE = YES_ERROR;
				CLANG_WARN_DOCUMENTATION_COMMENTS = YES;
				CLANG_WARN_EMPTY_BODY = YES;
				CLANG_WARN_ENUM_CONVERSION = YES;
				CLANG_WARN_INFINITE_RECURSION = YES;
				CLANG_WARN_INT_CONVERSION = YES;
				CLANG_WARN_NON_LITERAL_NULL_CONVERSION = YES;
				CLANG_WARN_OBJC_IMPLICIT_RETAIN_SELF = YES;
				CLANG_WARN_OBJC_LITERAL_CONVERSION = YES;
				CLANG_WARN_OBJC_ROOT_CLASS = YES_ERROR;
				CLANG_WARN_QUOTED_INCLUDE_IN_FRAMEWORK_HEADER = YES;
				CLANG_WARN_RANGE_LOOP_ANALYSIS = YES;
				CLANG_WARN_STRICT_PROTOTYPES = YES;
				CLANG_WARN_SUSPICIOUS_MOVE = YES;
				CLANG_WARN_UNGUARDED_AVAILABILITY = YES_AGGRESSIVE;
				CLANG_WARN_UNREACHABLE_CODE = YES;
				CLANG_WARN__DUPLICATE_METHOD_MATCH = YES;
				COPY_PHASE_STRIP = NO;
				DEBUG_INFORMATION_FORMAT = dwarf;
				ENABLE_STRICT_OBJC_MSGSEND = YES;
				ENABLE_TESTABILITY = YES;
				GCC_C_LANGUAGE_STANDARD = gnu11;
				GCC_DYNAMIC_NO_PIC = NO;
				GCC_NO_COMMON_BLOCKS = YES;
				GCC_OPTIMIZATION_LEVEL = 0;
				GCC_PREPROCESSOR_DEFINITIONS = (
					"DEBUG=1",
					"$(inherited)",
				);
				GCC_WARN_64_TO_32_BIT_CONVERSION = YES;
				GCC_WARN_ABOUT_RETURN_TYPE = YES_ERROR;
				GCC_WARN_UNDECLARED_SELECTOR = YES;
				GCC_WARN_UNINITIALIZED_AUTOS = YES_AGGRESSIVE;
				GCC_WARN_UNUSED_FUNCTION = YES;
				GCC_WARN_UNUSED_VARIABLE = YES;
				MACOSX_DEPLOYMENT_TARGET = 10.15;
				MTL_ENABLE_DEBUG_INFO = INCLUDE_SOURCE;
				MTL_FAST_MATH = YES;
				ONLY_ACTIVE_ARCH = YES;
				SDKROOT = macosx;
				SWIFT_ACTIVE_COMPILATION_CONDITIONS = DEBUG;
				SWIFT_OPTIMIZATION_LEVEL = "-Onone";
			};
			name = Debug;
		};
		C7640418274F2F5100A223B5 /* Release */ = {
			isa = XCBuildConfiguration;
			buildSettings = {
				ALWAYS_SEARCH_USER_PATHS = NO;
				CLANG_ANALYZER_NONNULL = YES;
				CLANG_ANALYZER_NUMBER_OBJECT_CONVERSION = YES_AGGRESSIVE;
				CLANG_CXX_LANGUAGE_STANDARD = "gnu++17";
				CLANG_CXX_LIBRARY = "libc++";
				CLANG_ENABLE_MODULES = YES;
				CLANG_ENABLE_OBJC_ARC = YES;
				CLANG_ENABLE_OBJC_WEAK = YES;
				CLANG_WARN_BLOCK_CAPTURE_AUTORELEASING = YES;
				CLANG_WARN_BOOL_CONVERSION = YES;
				CLANG_WARN_COMMA = YES;
				CLANG_WARN_CONSTANT_CONVERSION = YES;
				CLANG_WARN_DEPRECATED_OBJC_IMPLEMENTATIONS = YES;
				CLANG_WARN_DIRECT_OBJC_ISA_USAGE = YES_ERROR;
				CLANG_WARN_DOCUMENTATION_COMMENTS = YES;
				CLANG_WARN_EMPTY_BODY = YES;
				CLANG_WARN_ENUM_CONVERSION = YES;
				CLANG_WARN_INFINITE_RECURSION = YES;
				CLANG_WARN_INT_CONVERSION = YES;
				CLANG_WARN_NON_LITERAL_NULL_CONVERSION = YES;
				CLANG_WARN_OBJC_IMPLICIT_RETAIN_SELF = YES;
				CLANG_WARN_OBJC_LITERAL_CONVERSION = YES;
				CLANG_WARN_OBJC_ROOT_CLASS = YES_ERROR;
				CLANG_WARN_QUOTED_INCLUDE_IN_FRAMEWORK_HEADER = YES;
				CLANG_WARN_RANGE_LOOP_ANALYSIS = YES;
				CLANG_WARN_STRICT_PROTOTYPES = YES;
				CLANG_WARN_SUSPICIOUS_MOVE = YES;
				CLANG_WARN_UNGUARDED_AVAILABILITY = YES_AGGRESSIVE;
				CLANG_WARN_UNREACHABLE_CODE = YES;
				CLANG_WARN__DUPLICATE_METHOD_MATCH = YES;
				COPY_PHASE_STRIP = NO;
				DEBUG_INFORMATION_FORMAT = "dwarf-with-dsym";
				ENABLE_NS_ASSERTIONS = NO;
				ENABLE_STRICT_OBJC_MSGSEND = YES;
				GCC_C_LANGUAGE_STANDARD = gnu11;
				GCC_NO_COMMON_BLOCKS = YES;
				GCC_WARN_64_TO_32_BIT_CONVERSION = YES;
				GCC_WARN_ABOUT_RETURN_TYPE = YES_ERROR;
				GCC_WARN_UNDECLARED_SELECTOR = YES;
				GCC_WARN_UNINITIALIZED_AUTOS = YES_AGGRESSIVE;
				GCC_WARN_UNUSED_FUNCTION = YES;
				GCC_WARN_UNUSED_VARIABLE = YES;
				MACOSX_DEPLOYMENT_TARGET = 10.15;
				MTL_ENABLE_DEBUG_INFO = NO;
				MTL_FAST_MATH = YES;
				SDKROOT = macosx;
				SWIFT_COMPILATION_MODE = wholemodule;
				SWIFT_OPTIMIZATION_LEVEL = "-O";
			};
			name = Release;
		};
		C764041A274F2F5100A223B5 /* Debug */ = {
			isa = XCBuildConfiguration;
			buildSettings = {
				CODE_SIGN_STYLE = Automatic;
				MACOSX_DEPLOYMENT_TARGET = 10.15;
				PRODUCT_NAME = "$(TARGET_NAME)";
				SWIFT_VERSION = 5.0;
			};
			name = Debug;
		};
		C764041B274F2F5100A223B5 /* Release */ = {
			isa = XCBuildConfiguration;
			buildSettings = {
				CODE_SIGN_STYLE = Automatic;
				MACOSX_DEPLOYMENT_TARGET = 10.15;
				PRODUCT_NAME = "$(TARGET_NAME)";
				SWIFT_VERSION = 5.0;
			};
			name = Release;
		};
/* End XCBuildConfiguration section */

/* Begin XCConfigurationList section */
		2E9C3B8B283FB80700393DEE /* Build configuration list for PBXNativeTarget "BowlingTest" */ = {
			isa = XCConfigurationList;
			buildConfigurations = (
				2E9C3B8C283FB80700393DEE /* Debug */,
				2E9C3B8D283FB80700393DEE /* Release */,
			);
			defaultConfigurationIsVisible = 0;
			defaultConfigurationName = Release;
		};
		C764040D274F2F5100A223B5 /* Build configuration list for PBXProject "Bowling" */ = {
			isa = XCConfigurationList;
			buildConfigurations = (
				C7640417274F2F5100A223B5 /* Debug */,
				C7640418274F2F5100A223B5 /* Release */,
			);
			defaultConfigurationIsVisible = 0;
			defaultConfigurationName = Release;
		};
		C7640419274F2F5100A223B5 /* Build configuration list for PBXNativeTarget "Bowling" */ = {
			isa = XCConfigurationList;
			buildConfigurations = (
				C764041A274F2F5100A223B5 /* Debug */,
				C764041B274F2F5100A223B5 /* Release */,
			);
			defaultConfigurationIsVisible = 0;
			defaultConfigurationName = Release;
		};
/* End XCConfigurationList section */
	};
	rootObject = C764040A274F2F5100A223B5 /* Project object */;
}
